
Microsoft Visual Studio Solution File, Format Version 12.00
# Visual Studio Version 16
VisualStudioVersion = 16.0.31112.23
MinimumVisualStudioVersion = 10.0.40219.1
Project("{FAE04EC0-301F-11D3-BF4B-00C04F79EFBC}") = "Bank", "Bank\Bank.csproj", "{50F907B6-52CD-4331-897B-7DADBF617207}"
EndProject
Project("{FAE04EC0-301F-11D3-BF4B-00C04F79EFBC}") = "BankTest", "BankTest\BankTest.csproj", "{7AF6F611-993A-4292-BCE1-1249A9054829}"
EndProject
Global
	GlobalSection(SolutionConfigurationPlatforms) = preSolution
		Debug|Any CPU = Debug|Any CPU
		Release|Any CPU = Release|Any CPU
	EndGlobalSection
	GlobalSection(ProjectConfigurationPlatforms) = postSolution
		{50F907B6-52CD-4331-897B-7DADBF617207}.Debug|Any CPU.ActiveCfg = Debug|Any CPU
		{50F907B6-52CD-4331-897B-7DADBF617207}.Debug|Any CPU.Build.0 = Debug|Any CPU
		{50F907B6-52CD-4331-897B-7DADBF617207}.Release|Any CPU.ActiveCfg = Release|Any CPU
		{50F907B6-52CD-4331-897B-7DADBF617207}.Release|Any CPU.Build.0 = Release|Any CPU
		{7AF6F611-993A-4292-BCE1-1249A9054829}.Debug|Any CPU.ActiveCfg = Debug|Any CPU
		{7AF6F611-993A-4292-BCE1-1249A9054829}.Debug|Any CPU.Build.0 = Debug|Any CPU
		{7AF6F611-993A-4292-BCE1-1249A9054829}.Release|Any CPU.ActiveCfg = Release|Any CPU
		{7AF6F611-993A-4292-BCE1-1249A9054829}.Release|Any CPU.Build.0 = Release|Any CPU
	EndGlobalSection
	GlobalSection(SolutionProperties) = preSolution
		HideSolutionNode = FALSE
	EndGlobalSection
	GlobalSection(ExtensibilityGlobals) = postSolution
		SolutionGuid = {A6B2B438-E9D5-4FC7-8A9D-6F32DBCFF82F}
	EndGlobalSection
EndGlobal
